{
  "name": "psyexperiments",
  "lockfileVersion": 3,
  "requires": true,
  "packages": {
    "": {
      "dependencies": {
        "dotenv": "^16.3.1",
        "strftime": "^0.10.2"
      }
    },
    "node_modules/dotenv": {
      "version": "16.4.4",
      "resolved": "https://registry.npmjs.org/dotenv/-/dotenv-16.4.4.tgz",
      "integrity": "sha512-XvPXc8XAQThSjAbY6cQ/9PcBXmFoWuw1sQ3b8HqUCR6ziGXjkTi//kB9SWa2UwqlgdAIuRqAa/9hVljzPehbYg==",
      "engines": {
        "node": ">=12"
      },
      "funding": {
        "url": "https://dotenvx.com"
      }
    },
    "node_modules/strftime": {
      "version": "0.10.2",
      "resolved": "https://registry.npmjs.org/strftime/-/strftime-0.10.2.tgz",
      "integrity": "sha512-Y6IZaTVM80chcMe7j65Gl/0nmlNdtt+KWPle5YeCAjmsBfw+id2qdaJ5MDrxUq+OmHKab+jHe7mUjU/aNMSZZg==",
      "engines": {
        "node": ">=0.2.0"
      }
    }
  }
}
